dependencies:
- name: redis
  repository: https://charts.bitnami.com/bitnami/redis
  version: 16.12.2
- name: redis
  repository: https://charts.bitnami.com/bitnami/redis
  version: 16.12.2
digest: sha256:2ff30ce0454a7d003c71db12d5348c50d37f394a1b8e8cef9cae92150e766607
generated: "2022-06-17T16:51:37.631797-05:00"
