
Microsoft Visual Studio Solution File, Format Version 12.00
# Visual Studio Version 16
VisualStudioVersion = 25.0.1703.0
MinimumVisualStudioVersion = 10.0.40219.1
Project("{FAE04EC0-301F-11D3-BF4B-00C04F79EFBC}") = "StockPicker", "StockPicker.csproj", "{07A95114-0AF5-4898-90C1-5AAAD051FD26}"
EndProject
Global
	GlobalSection(SolutionConfigurationPlatforms) = preSolution
		Debug|Any CPU = Debug|Any CPU
		Release|Any CPU = Release|Any CPU
	EndGlobalSection
	GlobalSection(ProjectConfigurationPlatforms) = postSolution
		{07A95114-0AF5-4898-90C1-5AAAD051FD26}.Debug|Any CPU.ActiveCfg = Debug|Any CPU
		{07A95114-0AF5-4898-90C1-5AAAD051FD26}.Debug|Any CPU.Build.0 = Debug|Any CPU
		{07A95114-0AF5-4898-90C1-5AAAD051FD26}.Release|Any CPU.ActiveCfg = Release|Any CPU
		{07A95114-0AF5-4898-90C1-5AAAD051FD26}.Release|Any CPU.Build.0 = Release|Any CPU
	EndGlobalSection
	GlobalSection(SolutionProperties) = preSolution
		HideSolutionNode = FALSE
	EndGlobalSection
	GlobalSection(ExtensibilityGlobals) = postSolution
		SolutionGuid = {05C97A09-C89D-4FCB-A4A3-6BB7D571DB32}
	EndGlobalSection
EndGlobal
